
Microsoft Visual Studio Solution File, Format Version 12.00
# Visual Studio 2013
VisualStudioVersion = 12.0.31101.0
MinimumVisualStudioVersion = 10.0.40219.1
Project("{8BC9CEB8-8B4A-11D0-8D11-00A0C91BC942}") = "SysAgentService", "SysAgentService\SysAgentService.vcxproj", "{FED42C71-0D8D-4902-97F7-E4E177230363}"
EndProject
Global
	GlobalSection(SolutionConfigurationPlatforms) = preSolution
		Debug|Win32 = Debug|Win32
		Release|Win32 = Release|Win32
	EndGlobalSection
	GlobalSection(ProjectConfigurationPlatforms) = postSolution
		{FED42C71-0D8D-4902-97F7-E4E177230363}.Debug|Win32.ActiveCfg = Debug|Win32
		{FED42C71-0D8D-4902-97F7-E4E177230363}.Debug|Win32.Build.0 = Debug|Win32
		{FED42C71-0D8D-4902-97F7-E4E177230363}.Release|Win32.ActiveCfg = Release|Win32
		{FED42C71-0D8D-4902-97F7-E4E177230363}.Release|Win32.Build.0 = Release|Win32
	EndGlobalSection
	GlobalSection(SolutionProperties) = preSolution
		HideSolutionNode = FALSE
	EndGlobalSection
EndGlobal
